
Microsoft Visual Studio Solution File, Format Version 12.00
# Visual Studio Version 17
VisualStudioVersion = 17.5.002.0
MinimumVisualStudioVersion = 10.0.40219.1
Project("{9A19103F-16F7-4668-BE54-9A1E7A4F7556}") = "3. Operadores Lógicos", "3. Operadores Lógicos.csproj", "{09D4BDDC-4BC4-441A-BA94-BC5832996223}"
EndProject
Global
	GlobalSection(SolutionConfigurationPlatforms) = preSolution
		Debug|Any CPU = Debug|Any CPU
		Release|Any CPU = Release|Any CPU
	EndGlobalSection
	GlobalSection(ProjectConfigurationPlatforms) = postSolution
		{09D4BDDC-4BC4-441A-BA94-BC5832996223}.Debug|Any CPU.ActiveCfg = Debug|Any CPU
		{09D4BDDC-4BC4-441A-BA94-BC5832996223}.Debug|Any CPU.Build.0 = Debug|Any CPU
		{09D4BDDC-4BC4-441A-BA94-BC5832996223}.Release|Any CPU.ActiveCfg = Release|Any CPU
		{09D4BDDC-4BC4-441A-BA94-BC5832996223}.Release|Any CPU.Build.0 = Release|Any CPU
	EndGlobalSection
	GlobalSection(SolutionProperties) = preSolution
		HideSolutionNode = FALSE
	EndGlobalSection
	GlobalSection(ExtensibilityGlobals) = postSolution
		SolutionGuid = {F952F995-577E-4553-886E-310950C24C13}
	EndGlobalSection
EndGlobal
