
Microsoft Visual Studio Solution File, Format Version 12.00
# Visual Studio Version 17
VisualStudioVersion = 17.5.002.0
MinimumVisualStudioVersion = 10.0.40219.1
Project("{9A19103F-16F7-4668-BE54-9A1E7A4F7556}") = "7. Comentários e Boas Práticas em C#", "7. Comentários e Boas Práticas em C#.csproj", "{D2A4BB52-832B-4A6A-9FE2-237DFC914F81}"
EndProject
Global
	GlobalSection(SolutionConfigurationPlatforms) = preSolution
		Debug|Any CPU = Debug|Any CPU
		Release|Any CPU = Release|Any CPU
	EndGlobalSection
	GlobalSection(ProjectConfigurationPlatforms) = postSolution
		{D2A4BB52-832B-4A6A-9FE2-237DFC914F81}.Debug|Any CPU.ActiveCfg = Debug|Any CPU
		{D2A4BB52-832B-4A6A-9FE2-237DFC914F81}.Debug|Any CPU.Build.0 = Debug|Any CPU
		{D2A4BB52-832B-4A6A-9FE2-237DFC914F81}.Release|Any CPU.ActiveCfg = Release|Any CPU
		{D2A4BB52-832B-4A6A-9FE2-237DFC914F81}.Release|Any CPU.Build.0 = Release|Any CPU
	EndGlobalSection
	GlobalSection(SolutionProperties) = preSolution
		HideSolutionNode = FALSE
	EndGlobalSection
	GlobalSection(ExtensibilityGlobals) = postSolution
		SolutionGuid = {2FE3D6BA-193B-41B2-9D0E-705EB3707ED1}
	EndGlobalSection
EndGlobal
